// !$*UTF8*$!
{
	archiveVersion = 1;
	classes = {};
	objectVersion = 56;
	objects = {

		A10000000000000000000001 /* NullPeratorIOSApp.swift in Sources */ = {isa = PBXBuildFile; fileRef = A20000000000000000000001 /* NullPeratorIOSApp.swift */; };
		A10000000000000000000003 /* NullPeratorWebView.swift in Sources */ = {isa = PBXBuildFile; fileRef = A20000000000000000000003 /* NullPeratorWebView.swift */; };
		A10000000000000000000005 /* GameControllerBridge.swift in Sources */ = {isa = PBXBuildFile; fileRef = A20000000000000000000005 /* GameControllerBridge.swift */; };
		A10000000000000000000006 /* WebApp in Resources */ = {isa = PBXBuildFile; fileRef = A20000000000000000000006 /* WebApp */; };
		A10000000000000000000009 /* BatteryBridge.swift in Sources */ = {isa = PBXBuildFile; fileRef = A20000000000000000000009 /* BatteryBridge.swift */; };
		A1000000000000000000000A /* NativeCommandBridge.swift in Sources */ = {isa = PBXBuildFile; fileRef = A2000000000000000000000A /* NativeCommandBridge.swift */; };
		A1000000000000000000000B /* Assets.xcassets in Resources */ = {isa = PBXBuildFile; fileRef = A2000000000000000000000B /* Assets.xcassets */; };
		A1000000000000000000000C /* LaunchScreen.storyboard in Resources */ = {isa = PBXBuildFile; fileRef = A2000000000000000000000C /* LaunchScreen.storyboard */; };
		A1000000000000000000000D /* LaunchBrand.png in Resources */ = {isa = PBXBuildFile; fileRef = A2000000000000000000000D /* LaunchBrand.png */; };
		A1000000000000000000000E /* LaunchBrandLandscape.png in Resources */ = {isa = PBXBuildFile; fileRef = A2000000000000000000000E /* LaunchBrandLandscape.png */; };
		A1000000000000000000000F /* PrivacyInfo.xcprivacy in Resources */ = {isa = PBXBuildFile; fileRef = A2000000000000000000000F /* PrivacyInfo.xcprivacy */; };
		B10000000000000000000001 /* NativeContentView.swift in Sources */ = {isa = PBXBuildFile; fileRef = B20000000000000000000001 /* NativeContentView.swift */; };
		B10000000000000000000002 /* NullPeratorNativeBridge.mm in Sources */ = {isa = PBXBuildFile; fileRef = B20000000000000000000002 /* NullPeratorNativeBridge.mm */; };
		B10000000000000000000003 /* UiBarResolver.cpp in Sources */ = {isa = PBXBuildFile; fileRef = B20000000000000000000003 /* UiBarResolver.cpp */; };
		B10000000000000000000004 /* UiChromeRenderer.cpp in Sources */ = {isa = PBXBuildFile; fileRef = B20000000000000000000004 /* UiChromeRenderer.cpp */; };
		B10000000000000000000005 /* UiFrameRenderer.cpp in Sources */ = {isa = PBXBuildFile; fileRef = B20000000000000000000005 /* UiFrameRenderer.cpp */; };
		B10000000000000000000006 /* UiDirtyTiles.cpp in Sources */ = {isa = PBXBuildFile; fileRef = B20000000000000000000006 /* UiDirtyTiles.cpp */; };
		B10000000000000000000007 /* UiIndexedSurface.cpp in Sources */ = {isa = PBXBuildFile; fileRef = B20000000000000000000007 /* UiIndexedSurface.cpp */; };
		B10000000000000000000008 /* UiRasterizer.cpp in Sources */ = {isa = PBXBuildFile; fileRef = B20000000000000000000008 /* UiRasterizer.cpp */; };
		B10000000000000000000009 /* UiVuGradient.cpp in Sources */ = {isa = PBXBuildFile; fileRef = B20000000000000000000009 /* UiVuGradient.cpp */; };
		B1000000000000000000000A /* UiFont5x7.cpp in Sources */ = {isa = PBXBuildFile; fileRef = B2000000000000000000000A /* UiFont5x7.cpp */; };
		B1000000000000000000000B /* UiPalette.cpp in Sources */ = {isa = PBXBuildFile; fileRef = B2000000000000000000000B /* UiPalette.cpp */; };
		B1000000000000000000000C /* UiSongView.cpp in Sources */ = {isa = PBXBuildFile; fileRef = B2000000000000000000000C /* UiSongView.cpp */; };

		A20000000000000000000001 /* NullPeratorIOSApp.swift */ = {isa = PBXFileReference; lastKnownFileType = sourcecode.swift; path = NullPeratorIOSApp.swift; sourceTree = "<group>"; };
		A20000000000000000000003 /* NullPeratorWebView.swift */ = {isa = PBXFileReference; lastKnownFileType = sourcecode.swift; path = NullPeratorWebView.swift; sourceTree = "<group>"; };
		A20000000000000000000005 /* GameControllerBridge.swift */ = {isa = PBXFileReference; lastKnownFileType = sourcecode.swift; path = GameControllerBridge.swift; sourceTree = "<group>"; };
		A20000000000000000000006 /* WebApp */ = {isa = PBXFileReference; lastKnownFileType = folder; path = WebApp; sourceTree = "<group>"; };
		A20000000000000000000007 /* Info.plist */ = {isa = PBXFileReference; lastKnownFileType = text.plist.xml; path = Info.plist; sourceTree = "<group>"; };
		A20000000000000000000008 /* NullPerator.app */ = {isa = PBXFileReference; explicitFileType = wrapper.application; includeInIndex = 0; path = NullPerator.app; sourceTree = BUILT_PRODUCTS_DIR; };
		A20000000000000000000009 /* BatteryBridge.swift */ = {isa = PBXFileReference; lastKnownFileType = sourcecode.swift; path = BatteryBridge.swift; sourceTree = "<group>"; };
		A2000000000000000000000A /* NativeCommandBridge.swift */ = {isa = PBXFileReference; lastKnownFileType = sourcecode.swift; path = NativeCommandBridge.swift; sourceTree = "<group>"; };
		A2000000000000000000000B /* Assets.xcassets */ = {isa = PBXFileReference; lastKnownFileType = folder.assetcatalog; path = Assets.xcassets; sourceTree = "<group>"; };
		A2000000000000000000000C /* LaunchScreen.storyboard */ = {isa = PBXFileReference; lastKnownFileType = file.storyboard; path = LaunchScreen.storyboard; sourceTree = "<group>"; };
		A2000000000000000000000D /* LaunchBrand.png */ = {isa = PBXFileReference; lastKnownFileType = image.png; path = LaunchBrand.png; sourceTree = "<group>"; };
		A2000000000000000000000E /* LaunchBrandLandscape.png */ = {isa = PBXFileReference; lastKnownFileType = image.png; path = LaunchBrandLandscape.png; sourceTree = "<group>"; };
		A2000000000000000000000F /* PrivacyInfo.xcprivacy */ = {isa = PBXFileReference; lastKnownFileType = text.xml; path = PrivacyInfo.xcprivacy; sourceTree = "<group>"; };
		B20000000000000000000001 /* NativeContentView.swift */ = {isa = PBXFileReference; lastKnownFileType = sourcecode.swift; path = NativeContentView.swift; sourceTree = "<group>"; };
		B20000000000000000000002 /* NullPeratorNativeBridge.mm */ = {isa = PBXFileReference; lastKnownFileType = sourcecode.cpp.objcpp; path = NullPeratorNativeBridge.mm; sourceTree = "<group>"; };
		B2000000000000000000000D /* NullPeratorNativeBridge.h */ = {isa = PBXFileReference; lastKnownFileType = sourcecode.c.h; path = NullPeratorNativeBridge.h; sourceTree = "<group>"; };
		B2000000000000000000000E /* NullPeratorNative-Bridging-Header.h */ = {isa = PBXFileReference; lastKnownFileType = sourcecode.c.h; path = "NullPeratorNative-Bridging-Header.h"; sourceTree = "<group>"; };
		B20000000000000000000003 /* UiBarResolver.cpp */ = {isa = PBXFileReference; lastKnownFileType = sourcecode.cpp.cpp; name = UiBarResolver.cpp; path = ../sources/UI2/Chrome/UiBarResolver.cpp; sourceTree = SOURCE_ROOT; };
		B20000000000000000000004 /* UiChromeRenderer.cpp */ = {isa = PBXFileReference; lastKnownFileType = sourcecode.cpp.cpp; name = UiChromeRenderer.cpp; path = ../sources/UI2/Chrome/UiChromeRenderer.cpp; sourceTree = SOURCE_ROOT; };
		B20000000000000000000005 /* UiFrameRenderer.cpp */ = {isa = PBXFileReference; lastKnownFileType = sourcecode.cpp.cpp; name = UiFrameRenderer.cpp; path = ../sources/UI2/Render/UiFrameRenderer.cpp; sourceTree = SOURCE_ROOT; };
		B20000000000000000000006 /* UiDirtyTiles.cpp */ = {isa = PBXFileReference; lastKnownFileType = sourcecode.cpp.cpp; name = UiDirtyTiles.cpp; path = ../sources/UI2/Render/UiDirtyTiles.cpp; sourceTree = SOURCE_ROOT; };
		B20000000000000000000007 /* UiIndexedSurface.cpp */ = {isa = PBXFileReference; lastKnownFileType = sourcecode.cpp.cpp; name = UiIndexedSurface.cpp; path = ../sources/UI2/Render/UiIndexedSurface.cpp; sourceTree = SOURCE_ROOT; };
		B20000000000000000000008 /* UiRasterizer.cpp */ = {isa = PBXFileReference; lastKnownFileType = sourcecode.cpp.cpp; name = UiRasterizer.cpp; path = ../sources/UI2/Render/UiRasterizer.cpp; sourceTree = SOURCE_ROOT; };
		B20000000000000000000009 /* UiVuGradient.cpp */ = {isa = PBXFileReference; lastKnownFileType = sourcecode.cpp.cpp; name = UiVuGradient.cpp; path = ../sources/UI2/Render/UiVuGradient.cpp; sourceTree = SOURCE_ROOT; };
		B2000000000000000000000A /* UiFont5x7.cpp */ = {isa = PBXFileReference; lastKnownFileType = sourcecode.cpp.cpp; name = UiFont5x7.cpp; path = ../sources/UI2/Text/UiFont5x7.cpp; sourceTree = SOURCE_ROOT; };
		B2000000000000000000000B /* UiPalette.cpp */ = {isa = PBXFileReference; lastKnownFileType = sourcecode.cpp.cpp; name = UiPalette.cpp; path = ../sources/UI2/Theme/UiPalette.cpp; sourceTree = SOURCE_ROOT; };
		B2000000000000000000000C /* UiSongView.cpp */ = {isa = PBXFileReference; lastKnownFileType = sourcecode.cpp.cpp; name = UiSongView.cpp; path = ../sources/UI2/Views/Song/UiSongView.cpp; sourceTree = SOURCE_ROOT; };

		A30000000000000000000001 = {isa = PBXGroup; children = (A30000000000000000000002 /* NullPeratorIOS */, A30000000000000000000006 /* Products */); sourceTree = "<group>"; };
		A30000000000000000000002 /* NullPeratorIOS */ = {isa = PBXGroup; path = NullPeratorIOS; sourceTree = "<group>"; children = (A30000000000000000000003 /* App */, B30000000000000000000001 /* Native */, A30000000000000000000004 /* Web */, A30000000000000000000005 /* Controllers */, A30000000000000000000007 /* Resources */, A20000000000000000000007 /* Info.plist */, A2000000000000000000000F /* PrivacyInfo.xcprivacy */); };
		A30000000000000000000003 /* App */ = {isa = PBXGroup; path = App; sourceTree = "<group>"; children = (A20000000000000000000001); };
		A30000000000000000000004 /* Web */ = {isa = PBXGroup; path = Web; sourceTree = "<group>"; children = (A20000000000000000000003); };
		A30000000000000000000005 /* Controllers */ = {isa = PBXGroup; path = Controllers; sourceTree = "<group>"; children = (A20000000000000000000005, A20000000000000000000009, A2000000000000000000000A); };
		A30000000000000000000007 /* Resources */ = {isa = PBXGroup; path = Resources; sourceTree = "<group>"; children = (A20000000000000000000006, A2000000000000000000000B /* Assets.xcassets */, A2000000000000000000000C /* LaunchScreen.storyboard */, A2000000000000000000000D /* LaunchBrand.png */, A2000000000000000000000E /* LaunchBrandLandscape.png */); };
		A30000000000000000000006 /* Products */ = {isa = PBXGroup; children = (A20000000000000000000008 /* NullPerator.app */); name = Products; sourceTree = "<group>"; };
		B30000000000000000000001 /* Native */ = {isa = PBXGroup; path = Native; sourceTree = "<group>"; children = (B20000000000000000000001 /* NativeContentView.swift */, B20000000000000000000002 /* NullPeratorNativeBridge.mm */, B2000000000000000000000D /* NullPeratorNativeBridge.h */, B2000000000000000000000E /* NullPeratorNative-Bridging-Header.h */, B30000000000000000000002 /* C++ UI2 */); };
		B30000000000000000000002 /* C++ UI2 */ = {isa = PBXGroup; name = "C++ UI2"; sourceTree = "<group>"; children = (B20000000000000000000003 /* UiBarResolver.cpp */, B20000000000000000000004 /* UiChromeRenderer.cpp */, B20000000000000000000005 /* UiFrameRenderer.cpp */, B20000000000000000000006 /* UiDirtyTiles.cpp */, B20000000000000000000007 /* UiIndexedSurface.cpp */, B20000000000000000000008 /* UiRasterizer.cpp */, B20000000000000000000009 /* UiVuGradient.cpp */, B2000000000000000000000A /* UiFont5x7.cpp */, B2000000000000000000000B /* UiPalette.cpp */, B2000000000000000000000C /* UiSongView.cpp */); };

		A40000000000000000000001 /* Project object */ = {isa = PBXProject; attributes = {BuildIndependentTargetsInParallel = YES; LastSwiftUpdateCheck = 2660; LastUpgradeCheck = 2660; TargetAttributes = {A50000000000000000000001 = {CreatedOnToolsVersion = 26.6; };};}; buildConfigurationList = A90000000000000000000001; compatibilityVersion = "Xcode 14.0"; developmentRegion = en; knownRegions = (en, Base); mainGroup = A30000000000000000000001; productRefGroup = A30000000000000000000006; projectDirPath = ""; projectRoot = ""; targets = (A50000000000000000000001); };
		A50000000000000000000001 /* NullPeratorIOS */ = {isa = PBXNativeTarget; buildConfigurationList = A90000000000000000000002; buildPhases = (B60000000000000000000001 /* Build native C++ core */, A60000000000000000000001, A60000000000000000000002, A60000000000000000000003); buildRules = (); dependencies = (); name = NullPeratorIOS; productName = NullPerator; productReference = A20000000000000000000008; productType = "com.apple.product-type.application"; };
		B60000000000000000000001 /* Build native C++ core */ = {isa = PBXShellScriptBuildPhase; alwaysOutOfDate = 1; buildActionMask = 2147483647; files = (); inputPaths = ("$(PROJECT_DIR)/../sources/ProductVersion.h"); name = "Build native C++ core"; outputPaths = ("$(DERIVED_FILE_DIR)/libNullPeratorIOSCore.a", "$(DERIVED_FILE_DIR)/NullPeratorProductVersion.h"); runOnlyForDeploymentPostprocessing = 0; shellPath = /bin/bash; shellScript = "NULLPERATOR_NATIVE_CORE_OUTPUT=\"$DERIVED_FILE_DIR/libNullPeratorIOSCore.a\" NULLPERATOR_PRODUCT_VERSION_HEADER=\"$DERIVED_FILE_DIR/NullPeratorProductVersion.h\" \"$PROJECT_DIR/scripts/native-core.sh\"\n"; };
		A60000000000000000000001 /* Sources */ = {isa = PBXSourcesBuildPhase; buildActionMask = 2147483647; files = (A10000000000000000000001, A10000000000000000000003, A10000000000000000000005, A10000000000000000000009, A1000000000000000000000A, B10000000000000000000001 /* NativeContentView.swift in Sources */, B10000000000000000000002 /* NullPeratorNativeBridge.mm in Sources */); runOnlyForDeploymentPostprocessing = 0; };
		A60000000000000000000002 /* Frameworks */ = {isa = PBXFrameworksBuildPhase; buildActionMask = 2147483647; files = (); runOnlyForDeploymentPostprocessing = 0; };
		A60000000000000000000003 /* Resources */ = {isa = PBXResourcesBuildPhase; buildActionMask = 2147483647; files = (A10000000000000000000006, A1000000000000000000000B /* Assets.xcassets in Resources */, A1000000000000000000000C /* LaunchScreen.storyboard in Resources */, A1000000000000000000000D /* LaunchBrand.png in Resources */, A1000000000000000000000E /* LaunchBrandLandscape.png in Resources */, A1000000000000000000000F /* PrivacyInfo.xcprivacy in Resources */); runOnlyForDeploymentPostprocessing = 0; };

		A70000000000000000000001 /* Debug project */ = {isa = XCBuildConfiguration; buildSettings = {CLANG_ENABLE_MODULES = YES; IPHONEOS_DEPLOYMENT_TARGET = 17.0; SDKROOT = iphoneos; SWIFT_VERSION = 6.0;}; name = Debug; };
		A70000000000000000000002 /* Release project */ = {isa = XCBuildConfiguration; buildSettings = {CLANG_ENABLE_MODULES = YES; IPHONEOS_DEPLOYMENT_TARGET = 17.0; SDKROOT = iphoneos; SWIFT_VERSION = 6.0;}; name = Release; };
		A70000000000000000000003 /* Debug target */ = {isa = XCBuildConfiguration; buildSettings = {ASSETCATALOG_COMPILER_APPICON_NAME = AppIcon; ASSETCATALOG_COMPILER_GENERATE_SWIFT_ASSET_SYMBOL_EXTENSIONS = YES; CLANG_CXX_LANGUAGE_STANDARD = "c++23"; CODE_SIGN_STYLE = Automatic; CURRENT_PROJECT_VERSION = 2; DEVELOPMENT_TEAM = MBX2P6W765; GENERATE_INFOPLIST_FILE = NO; HEADER_SEARCH_PATHS = "$(PROJECT_DIR)/../sources"; INFOPLIST_FILE = NullPeratorIOS/Info.plist; INFOPLIST_PREFIX_HEADER = "$(DERIVED_FILE_DIR)/NullPeratorProductVersion.h"; INFOPLIST_PREPROCESS = YES; OTHER_LDFLAGS = ("$(DERIVED_FILE_DIR)/libNullPeratorIOSCore.a", "-framework", AudioToolbox); PRODUCT_BUNDLE_IDENTIFIER = io.203systems.nullperator; PRODUCT_NAME = NullPerator; SUPPORTED_PLATFORMS = "iphoneos iphonesimulator"; SUPPORTS_MACCATALYST = NO; SWIFT_ACTIVE_COMPILATION_CONDITIONS = DEBUG; SWIFT_EMIT_LOC_STRINGS = YES; SWIFT_OBJC_BRIDGING_HEADER = "NullPeratorIOS/Native/NullPeratorNative-Bridging-Header.h"; TARGETED_DEVICE_FAMILY = "1,2";}; name = Debug; };
		A70000000000000000000004 /* Release target */ = {isa = XCBuildConfiguration; buildSettings = {ASSETCATALOG_COMPILER_APPICON_NAME = AppIcon; ASSETCATALOG_COMPILER_GENERATE_SWIFT_ASSET_SYMBOL_EXTENSIONS = YES; CLANG_CXX_LANGUAGE_STANDARD = "c++23"; CODE_SIGN_STYLE = Automatic; CURRENT_PROJECT_VERSION = 2; DEVELOPMENT_TEAM = MBX2P6W765; GENERATE_INFOPLIST_FILE = NO; HEADER_SEARCH_PATHS = "$(PROJECT_DIR)/../sources"; INFOPLIST_FILE = NullPeratorIOS/Info.plist; INFOPLIST_PREFIX_HEADER = "$(DERIVED_FILE_DIR)/NullPeratorProductVersion.h"; INFOPLIST_PREPROCESS = YES; OTHER_LDFLAGS = ("$(DERIVED_FILE_DIR)/libNullPeratorIOSCore.a", "-framework", AudioToolbox); PRODUCT_BUNDLE_IDENTIFIER = io.203systems.nullperator; PRODUCT_NAME = NullPerator; SUPPORTED_PLATFORMS = "iphoneos iphonesimulator"; SUPPORTS_MACCATALYST = NO; SWIFT_EMIT_LOC_STRINGS = YES; SWIFT_OBJC_BRIDGING_HEADER = "NullPeratorIOS/Native/NullPeratorNative-Bridging-Header.h"; TARGETED_DEVICE_FAMILY = "1,2";}; name = Release; };
		A90000000000000000000001 /* Project configurations */ = {isa = XCConfigurationList; buildConfigurations = (A70000000000000000000001, A70000000000000000000002); defaultConfigurationIsVisible = 0; defaultConfigurationName = Release; };
		A90000000000000000000002 /* Target configurations */ = {isa = XCConfigurationList; buildConfigurations = (A70000000000000000000003, A70000000000000000000004); defaultConfigurationIsVisible = 0; defaultConfigurationName = Release; };
	};
	rootObject = A40000000000000000000001 /* Project object */;
}
